<Solution>
  <Project Path="PersonalSite.Data/PersonalSite.Data.csproj" Id="350fbfc3-f70a-4386-babb-36dc6f7e9b03" />
  <Project Path="PersonalSite.Services/PersonalSite.Services.csproj" Id="9e905d93-b1ed-490c-b725-8fe385e099b4" />
  <Project Path="PersoonlijkeSite/PersonalSite.Web.csproj" />
</Solution>
